
Microsoft Visual Studio Solution File, Format Version 12.00
# Visual Studio 2013
VisualStudioVersion = 12.0.21005.1
MinimumVisualStudioVersion = 10.0.40219.1
Project("{FAE04EC0-301F-11D3-BF4B-00C04F79EFBC}") = "SCS_Inventory", "SCS_Inventory\SCS_Inventory.csproj", "{34D183DC-6244-4BF6-BEF1-FC909C464ACD}"
EndProject
Global
	GlobalSection(TeamFoundationVersionControl) = preSolution
		SccNumberOfProjects = 2
		SccEnterpriseProvider = {4CA58AB2-18FA-4F8D-95D4-32DDF27D184C}
		SccTeamFoundationServer = https://dev.azure.com/smccit0
		SccLocalPath0 = .
		SccProjectUniqueName1 = SCS_Inventory\\SCS_Inventory.csproj
		SccProjectName1 = SCS_Inventory
		SccLocalPath1 = SCS_Inventory
	EndGlobalSection
	GlobalSection(SolutionConfigurationPlatforms) = preSolution
		Debug|Any CPU = Debug|Any CPU
		Release|Any CPU = Release|Any CPU
	EndGlobalSection
	GlobalSection(ProjectConfigurationPlatforms) = postSolution
		{34D183DC-6244-4BF6-BEF1-FC909C464ACD}.Debug|Any CPU.ActiveCfg = Debug|Any CPU
		{34D183DC-6244-4BF6-BEF1-FC909C464ACD}.Debug|Any CPU.Build.0 = Debug|Any CPU
		{34D183DC-6244-4BF6-BEF1-FC909C464ACD}.Release|Any CPU.ActiveCfg = Release|Any CPU
		{34D183DC-6244-4BF6-BEF1-FC909C464ACD}.Release|Any CPU.Build.0 = Release|Any CPU
	EndGlobalSection
	GlobalSection(SolutionProperties) = preSolution
		HideSolutionNode = FALSE
	EndGlobalSection
	GlobalSection(ExtensibilityGlobals) = postSolution
		SolutionGuid = {8E56A54E-3921-458D-977F-0ACDAABFBC61}
	EndGlobalSection
EndGlobal
